
Microsoft Visual Studio Solution File, Format Version 12.00
# Visual Studio Version 17
VisualStudioVersion = 17.7.34018.315
MinimumVisualStudioVersion = 10.0.40219.1
Project("{FAE04EC0-301F-11D3-BF4B-00C04F79EFBC}") = "3ISIP-121 Gushchin Moroz PW3 WPF", "3ISIP-121 Gushchin Moroz PW3 WPF.csproj", "{7215D5E2-0C59-41F3-8441-F463336ED399}"
EndProject
Global
	GlobalSection(SolutionConfigurationPlatforms) = preSolution
		Debug|Any CPU = Debug|Any CPU
		Release|Any CPU = Release|Any CPU
	EndGlobalSection
	GlobalSection(ProjectConfigurationPlatforms) = postSolution
		{7215D5E2-0C59-41F3-8441-F463336ED399}.Debug|Any CPU.ActiveCfg = Debug|Any CPU
		{7215D5E2-0C59-41F3-8441-F463336ED399}.Debug|Any CPU.Build.0 = Debug|Any CPU
		{7215D5E2-0C59-41F3-8441-F463336ED399}.Release|Any CPU.ActiveCfg = Release|Any CPU
		{7215D5E2-0C59-41F3-8441-F463336ED399}.Release|Any CPU.Build.0 = Release|Any CPU
	EndGlobalSection
	GlobalSection(SolutionProperties) = preSolution
		HideSolutionNode = FALSE
	EndGlobalSection
	GlobalSection(ExtensibilityGlobals) = postSolution
		SolutionGuid = {F3CFFDCA-3EE1-4838-8289-F62F84D7388D}
	EndGlobalSection
EndGlobal
